
Microsoft Visual Studio Solution File, Format Version 12.00
# Visual Studio Version 16
VisualStudioVersion = 16.0.29728.190
MinimumVisualStudioVersion = 10.0.40219.1
Project("{FAE04EC0-301F-11D3-BF4B-00C04F79EFBC}") = "ConsoleApp1", "ConsoleApp1\ConsoleApp1.csproj", "{0B0C775B-AC8C-4FE2-A227-57084E52A8E7}"
EndProject
Global
	GlobalSection(SolutionConfigurationPlatforms) = preSolution
		Debug|Any CPU = Debug|Any CPU
		Release|Any CPU = Release|Any CPU
	EndGlobalSection
	GlobalSection(ProjectConfigurationPlatforms) = postSolution
		{0B0C775B-AC8C-4FE2-A227-57084E52A8E7}.Debug|Any CPU.ActiveCfg = Debug|Any CPU
		{0B0C775B-AC8C-4FE2-A227-57084E52A8E7}.Debug|Any CPU.Build.0 = Debug|Any CPU
		{0B0C775B-AC8C-4FE2-A227-57084E52A8E7}.Release|Any CPU.ActiveCfg = Release|Any CPU
		{0B0C775B-AC8C-4FE2-A227-57084E52A8E7}.Release|Any CPU.Build.0 = Release|Any CPU
	EndGlobalSection
	GlobalSection(SolutionProperties) = preSolution
		HideSolutionNode = FALSE
	EndGlobalSection
	GlobalSection(ExtensibilityGlobals) = postSolution
		SolutionGuid = {4EB6CF1E-51BA-419C-9433-4E1093CB5398}
	EndGlobalSection
EndGlobal
